
Microsoft Visual Studio Solution File, Format Version 12.00
# Visual Studio 15
VisualStudioVersion = 15.0.28010.2016
MinimumVisualStudioVersion = 10.0.40219.1
Project("{FAE04EC0-301F-11D3-BF4B-00C04F79EFBC}") = "Speech2TextApp.Android", "Speech2TextApp\Speech2TextApp.Android\Speech2TextApp.Android.csproj", "{BB901A37-4B96-40D4-AB21-DF6B815261AB}"
EndProject
Project("{FAE04EC0-301F-11D3-BF4B-00C04F79EFBC}") = "Speech2TextApp.iOS", "Speech2TextApp\Speech2TextApp.iOS\Speech2TextApp.iOS.csproj", "{C6B67DFD-2208-4330-9911-A5E2E733B44E}"
EndProject
Project("{9A19103F-16F7-4668-BE54-9A1E7A4F7556}") = "Speech2TextApp", "Speech2TextApp\Speech2TextApp\Speech2TextApp.csproj", "{41EF8A0F-EB80-49F9-9268-9A0E0EA08E24}"
EndProject
Project("{FAE04EC0-301F-11D3-BF4B-00C04F79EFBC}") = "Speech2TextApp.AndroidIna", "Speech2TextApp.AndroidIna\Speech2TextApp.AndroidIna.csproj", "{3AFAB6D9-7957-4E90-BD3E-7B6AC11919C8}"
EndProject
Global
	GlobalSection(SolutionConfigurationPlatforms) = preSolution
		Ad-Hoc|Any CPU = Ad-Hoc|Any CPU
		Ad-Hoc|iPhone = Ad-Hoc|iPhone
		Ad-Hoc|iPhoneSimulator = Ad-Hoc|iPhoneSimulator
		AppStore|Any CPU = AppStore|Any CPU
		AppStore|iPhone = AppStore|iPhone
		AppStore|iPhoneSimulator = AppStore|iPhoneSimulator
		Debug|Any CPU = Debug|Any CPU
		Debug|iPhone = Debug|iPhone
		Debug|iPhoneSimulator = Debug|iPhoneSimulator
		Release|Any CPU = Release|Any CPU
		Release|iPhone = Release|iPhone
		Release|iPhoneSimulator = Release|iPhoneSimulator
	EndGlobalSection
	GlobalSection(ProjectConfigurationPlatforms) = postSolution
		{BB901A37-4B96-40D4-AB21-DF6B815261AB}.Ad-Hoc|Any CPU.ActiveCfg = Release|Any CPU
		{BB901A37-4B96-40D4-AB21-DF6B815261AB}.Ad-Hoc|Any CPU.Build.0 = Release|Any CPU
		{BB901A37-4B96-40D4-AB21-DF6B815261AB}.Ad-Hoc|Any CPU.Deploy.0 = Release|Any CPU
		{BB901A37-4B96-40D4-AB21-DF6B815261AB}.Ad-Hoc|iPhone.ActiveCfg = Release|Any CPU
		{BB901A37-4B96-40D4-AB21-DF6B815261AB}.Ad-Hoc|iPhone.Build.0 = Release|Any CPU
		{BB901A37-4B96-40D4-AB21-DF6B815261AB}.Ad-Hoc|iPhone.Deploy.0 = Release|Any CPU
		{BB901A37-4B96-40D4-AB21-DF6B815261AB}.Ad-Hoc|iPhoneSimulator.ActiveCfg = Release|Any CPU
		{BB901A37-4B96-40D4-AB21-DF6B815261AB}.Ad-Hoc|iPhoneSimulator.Build.0 = Release|Any CPU
		{BB901A37-4B96-40D4-AB21-DF6B815261AB}.Ad-Hoc|iPhoneSimulator.Deploy.0 = Release|Any CPU
		{BB901A37-4B96-40D4-AB21-DF6B815261AB}.AppStore|Any CPU.ActiveCfg = Release|Any CPU
		{BB901A37-4B96-40D4-AB21-DF6B815261AB}.AppStore|Any CPU.Build.0 = Release|Any CPU
		{BB901A37-4B96-40D4-AB21-DF6B815261AB}.AppStore|Any CPU.Deploy.0 = Release|Any CPU
		{BB901A37-4B96-40D4-AB21-DF6B815261AB}.AppStore|iPhone.ActiveCfg = Release|Any CPU
		{BB901A37-4B96-40D4-AB21-DF6B815261AB}.AppStore|iPhone.Build.0 = Release|Any CPU
		{BB901A37-4B96-40D4-AB21-DF6B815261AB}.AppStore|iPhone.Deploy.0 = Release|Any CPU
		{BB901A37-4B96-40D4-AB21-DF6B815261AB}.AppStore|iPhoneSimulator.ActiveCfg = Release|Any CPU
		{BB901A37-4B96-40D4-AB21-DF6B815261AB}.AppStore|iPhoneSimulator.Build.0 = Release|Any CPU
		{BB901A37-4B96-40D4-AB21-DF6B815261AB}.AppStore|iPhoneSimulator.Deploy.0 = Release|Any CPU
		{BB901A37-4B96-40D4-AB21-DF6B815261AB}.Debug|Any CPU.ActiveCfg = Debug|Any CPU
		{BB901A37-4B96-40D4-AB21-DF6B815261AB}.Debug|Any CPU.Build.0 = Debug|Any CPU
		{BB901A37-4B96-40D4-AB21-DF6B815261AB}.Debug|Any CPU.Deploy.0 = Debug|Any CPU
		{BB901A37-4B96-40D4-AB21-DF6B815261AB}.Debug|iPhone.ActiveCfg = Debug|Any CPU
		{BB901A37-4B96-40D4-AB21-DF6B815261AB}.Debug|iPhone.Build.0 = Debug|Any CPU
		{BB901A37-4B96-40D4-AB21-DF6B815261AB}.Debug|iPhone.Deploy.0 = Debug|Any CPU
		{BB901A37-4B96-40D4-AB21-DF6B815261AB}.Debug|iPhoneSimulator.ActiveCfg = Debug|Any CPU
		{BB901A37-4B96-40D4-AB21-DF6B815261AB}.Debug|iPhoneSimulator.Build.0 = Debug|Any CPU
		{BB901A37-4B96-40D4-AB21-DF6B815261AB}.Debug|iPhoneSimulator.Deploy.0 = Debug|Any CPU
		{BB901A37-4B96-40D4-AB21-DF6B815261AB}.Release|Any CPU.ActiveCfg = Release|Any CPU
		{BB901A37-4B96-40D4-AB21-DF6B815261AB}.Release|Any CPU.Build.0 = Release|Any CPU
		{BB901A37-4B96-40D4-AB21-DF6B815261AB}.Release|Any CPU.Deploy.0 = Release|Any CPU
		{BB901A37-4B96-40D4-AB21-DF6B815261AB}.Release|iPhone.ActiveCfg = Release|Any CPU
		{BB901A37-4B96-40D4-AB21-DF6B815261AB}.Release|iPhone.Build.0 = Release|Any CPU
		{BB901A37-4B96-40D4-AB21-DF6B815261AB}.Release|iPhone.Deploy.0 = Release|Any CPU
		{BB901A37-4B96-40D4-AB21-DF6B815261AB}.Release|iPhoneSimulator.ActiveCfg = Release|Any CPU
		{BB901A37-4B96-40D4-AB21-DF6B815261AB}.Release|iPhoneSimulator.Build.0 = Release|Any CPU
		{BB901A37-4B96-40D4-AB21-DF6B815261AB}.Release|iPhoneSimulator.Deploy.0 = Release|Any CPU
		{C6B67DFD-2208-4330-9911-A5E2E733B44E}.Ad-Hoc|Any CPU.ActiveCfg = Ad-Hoc|iPhone
		{C6B67DFD-2208-4330-9911-A5E2E733B44E}.Ad-Hoc|Any CPU.Build.0 = Ad-Hoc|iPhone
		{C6B67DFD-2208-4330-9911-A5E2E733B44E}.Ad-Hoc|Any CPU.Deploy.0 = Ad-Hoc|iPhone
		{C6B67DFD-2208-4330-9911-A5E2E733B44E}.Ad-Hoc|iPhone.ActiveCfg = Ad-Hoc|iPhone
		{C6B67DFD-2208-4330-9911-A5E2E733B44E}.Ad-Hoc|iPhone.Build.0 = Ad-Hoc|iPhone
		{C6B67DFD-2208-4330-9911-A5E2E733B44E}.Ad-Hoc|iPhone.Deploy.0 = Ad-Hoc|iPhone
		{C6B67DFD-2208-4330-9911-A5E2E733B44E}.Ad-Hoc|iPhoneSimulator.ActiveCfg = Ad-Hoc|iPhoneSimulator
		{C6B67DFD-2208-4330-9911-A5E2E733B44E}.Ad-Hoc|iPhoneSimulator.Build.0 = Ad-Hoc|iPhoneSimulator
		{C6B67DFD-2208-4330-9911-A5E2E733B44E}.Ad-Hoc|iPhoneSimulator.Deploy.0 = Ad-Hoc|iPhoneSimulator
		{C6B67DFD-2208-4330-9911-A5E2E733B44E}.AppStore|Any CPU.ActiveCfg = AppStore|iPhone
		{C6B67DFD-2208-4330-9911-A5E2E733B44E}.AppStore|Any CPU.Build.0 = AppStore|iPhone
		{C6B67DFD-2208-4330-9911-A5E2E733B44E}.AppStore|Any CPU.Deploy.0 = AppStore|iPhone
		{C6B67DFD-2208-4330-9911-A5E2E733B44E}.AppStore|iPhone.ActiveCfg = AppStore|iPhone
		{C6B67DFD-2208-4330-9911-A5E2E733B44E}.AppStore|iPhone.Build.0 = AppStore|iPhone
		{C6B67DFD-2208-4330-9911-A5E2E733B44E}.AppStore|iPhone.Deploy.0 = AppStore|iPhone
		{C6B67DFD-2208-4330-9911-A5E2E733B44E}.AppStore|iPhoneSimulator.ActiveCfg = AppStore|iPhoneSimulator
		{C6B67DFD-2208-4330-9911-A5E2E733B44E}.AppStore|iPhoneSimulator.Build.0 = AppStore|iPhoneSimulator
		{C6B67DFD-2208-4330-9911-A5E2E733B44E}.AppStore|iPhoneSimulator.Deploy.0 = AppStore|iPhoneSimulator
		{C6B67DFD-2208-4330-9911-A5E2E733B44E}.Debug|Any CPU.ActiveCfg = Debug|iPhoneSimulator
		{C6B67DFD-2208-4330-9911-A5E2E733B44E}.Debug|Any CPU.Build.0 = Debug|iPhoneSimulator
		{C6B67DFD-2208-4330-9911-A5E2E733B44E}.Debug|Any CPU.Deploy.0 = Debug|iPhoneSimulator
		{C6B67DFD-2208-4330-9911-A5E2E733B44E}.Debug|iPhone.ActiveCfg = Debug|iPhone
		{C6B67DFD-2208-4330-9911-A5E2E733B44E}.Debug|iPhone.Build.0 = Debug|iPhone
		{C6B67DFD-2208-4330-9911-A5E2E733B44E}.Debug|iPhone.Deploy.0 = Debug|iPhone
		{C6B67DFD-2208-4330-9911-A5E2E733B44E}.Debug|iPhoneSimulator.ActiveCfg = Debug|iPhoneSimulator
		{C6B67DFD-2208-4330-9911-A5E2E733B44E}.Debug|iPhoneSimulator.Build.0 = Debug|iPhoneSimulator
		{C6B67DFD-2208-4330-9911-A5E2E733B44E}.Debug|iPhoneSimulator.Deploy.0 = Debug|iPhoneSimulator
		{C6B67DFD-2208-4330-9911-A5E2E733B44E}.Release|Any CPU.ActiveCfg = Release|iPhone
		{C6B67DFD-2208-4330-9911-A5E2E733B44E}.Release|Any CPU.Build.0 = Release|iPhone
		{C6B67DFD-2208-4330-9911-A5E2E733B44E}.Release|Any CPU.Deploy.0 = Release|iPhone
		{C6B67DFD-2208-4330-9911-A5E2E733B44E}.Release|iPhone.ActiveCfg = Release|iPhone
		{C6B67DFD-2208-4330-9911-A5E2E733B44E}.Release|iPhone.Build.0 = Release|iPhone
		{C6B67DFD-2208-4330-9911-A5E2E733B44E}.Release|iPhone.Deploy.0 = Release|iPhone
		{C6B67DFD-2208-4330-9911-A5E2E733B44E}.Release|iPhoneSimulator.ActiveCfg = Release|iPhoneSimulator
		{C6B67DFD-2208-4330-9911-A5E2E733B44E}.Release|iPhoneSimulator.Build.0 = Release|iPhoneSimulator
		{C6B67DFD-2208-4330-9911-A5E2E733B44E}.Release|iPhoneSimulator.Deploy.0 = Release|iPhoneSimulator
		{41EF8A0F-EB80-49F9-9268-9A0E0EA08E24}.Ad-Hoc|Any CPU.ActiveCfg = Debug|Any CPU
		{41EF8A0F-EB80-49F9-9268-9A0E0EA08E24}.Ad-Hoc|Any CPU.Build.0 = Debug|Any CPU
		{41EF8A0F-EB80-49F9-9268-9A0E0EA08E24}.Ad-Hoc|Any CPU.Deploy.0 = Debug|Any CPU
		{41EF8A0F-EB80-49F9-9268-9A0E0EA08E24}.Ad-Hoc|iPhone.ActiveCfg = Debug|Any CPU
		{41EF8A0F-EB80-49F9-9268-9A0E0EA08E24}.Ad-Hoc|iPhone.Build.0 = Debug|Any CPU
		{41EF8A0F-EB80-49F9-9268-9A0E0EA08E24}.Ad-Hoc|iPhone.Deploy.0 = Debug|Any CPU
		{41EF8A0F-EB80-49F9-9268-9A0E0EA08E24}.Ad-Hoc|iPhoneSimulator.ActiveCfg = Debug|Any CPU
		{41EF8A0F-EB80-49F9-9268-9A0E0EA08E24}.Ad-Hoc|iPhoneSimulator.Build.0 = Debug|Any CPU
		{41EF8A0F-EB80-49F9-9268-9A0E0EA08E24}.Ad-Hoc|iPhoneSimulator.Deploy.0 = Debug|Any CPU
		{41EF8A0F-EB80-49F9-9268-9A0E0EA08E24}.AppStore|Any CPU.ActiveCfg = Debug|Any CPU
		{41EF8A0F-EB80-49F9-9268-9A0E0EA08E24}.AppStore|Any CPU.Build.0 = Debug|Any CPU
		{41EF8A0F-EB80-49F9-9268-9A0E0EA08E24}.AppStore|Any CPU.Deploy.0 = Debug|Any CPU
		{41EF8A0F-EB80-49F9-9268-9A0E0EA08E24}.AppStore|iPhone.ActiveCfg = Debug|Any CPU
		{41EF8A0F-EB80-49F9-9268-9A0E0EA08E24}.AppStore|iPhone.Build.0 = Debug|Any CPU
		{41EF8A0F-EB80-49F9-9268-9A0E0EA08E24}.AppStore|iPhone.Deploy.0 = Debug|Any CPU
		{41EF8A0F-EB80-49F9-9268-9A0E0EA08E24}.AppStore|iPhoneSimulator.ActiveCfg = Debug|Any CPU
		{41EF8A0F-EB80-49F9-9268-9A0E0EA08E24}.AppStore|iPhoneSimulator.Build.0 = Debug|Any CPU
		{41EF8A0F-EB80-49F9-9268-9A0E0EA08E24}.AppStore|iPhoneSimulator.Deploy.0 = Debug|Any CPU
		{41EF8A0F-EB80-49F9-9268-9A0E0EA08E24}.Debug|Any CPU.ActiveCfg = Debug|Any CPU
		{41EF8A0F-EB80-49F9-9268-9A0E0EA08E24}.Debug|Any CPU.Build.0 = Debug|Any CPU
		{41EF8A0F-EB80-49F9-9268-9A0E0EA08E24}.Debug|Any CPU.Deploy.0 = Debug|Any CPU
		{41EF8A0F-EB80-49F9-9268-9A0E0EA08E24}.Debug|iPhone.ActiveCfg = Debug|Any CPU
		{41EF8A0F-EB80-49F9-9268-9A0E0EA08E24}.Debug|iPhone.Build.0 = Debug|Any CPU
		{41EF8A0F-EB80-49F9-9268-9A0E0EA08E24}.Debug|iPhone.Deploy.0 = Debug|Any CPU
		{41EF8A0F-EB80-49F9-9268-9A0E0EA08E24}.Debug|iPhoneSimulator.ActiveCfg = Debug|Any CPU
		{41EF8A0F-EB80-49F9-9268-9A0E0EA08E24}.Debug|iPhoneSimulator.Build.0 = Debug|Any CPU
		{41EF8A0F-EB80-49F9-9268-9A0E0EA08E24}.Debug|iPhoneSimulator.Deploy.0 = Debug|Any CPU
		{41EF8A0F-EB80-49F9-9268-9A0E0EA08E24}.Release|Any CPU.ActiveCfg = Release|Any CPU
		{41EF8A0F-EB80-49F9-9268-9A0E0EA08E24}.Release|Any CPU.Build.0 = Release|Any CPU
		{41EF8A0F-EB80-49F9-9268-9A0E0EA08E24}.Release|Any CPU.Deploy.0 = Release|Any CPU
		{41EF8A0F-EB80-49F9-9268-9A0E0EA08E24}.Release|iPhone.ActiveCfg = Release|Any CPU
		{41EF8A0F-EB80-49F9-9268-9A0E0EA08E24}.Release|iPhone.Build.0 = Release|Any CPU
		{41EF8A0F-EB80-49F9-9268-9A0E0EA08E24}.Release|iPhone.Deploy.0 = Release|Any CPU
		{41EF8A0F-EB80-49F9-9268-9A0E0EA08E24}.Release|iPhoneSimulator.ActiveCfg = Release|Any CPU
		{41EF8A0F-EB80-49F9-9268-9A0E0EA08E24}.Release|iPhoneSimulator.Build.0 = Release|Any CPU
		{41EF8A0F-EB80-49F9-9268-9A0E0EA08E24}.Release|iPhoneSimulator.Deploy.0 = Release|Any CPU
		{3AFAB6D9-7957-4E90-BD3E-7B6AC11919C8}.Ad-Hoc|Any CPU.ActiveCfg = Release|Any CPU
		{3AFAB6D9-7957-4E90-BD3E-7B6AC11919C8}.Ad-Hoc|Any CPU.Build.0 = Release|Any CPU
		{3AFAB6D9-7957-4E90-BD3E-7B6AC11919C8}.Ad-Hoc|Any CPU.Deploy.0 = Release|Any CPU
		{3AFAB6D9-7957-4E90-BD3E-7B6AC11919C8}.Ad-Hoc|iPhone.ActiveCfg = Release|Any CPU
		{3AFAB6D9-7957-4E90-BD3E-7B6AC11919C8}.Ad-Hoc|iPhone.Build.0 = Release|Any CPU
		{3AFAB6D9-7957-4E90-BD3E-7B6AC11919C8}.Ad-Hoc|iPhone.Deploy.0 = Release|Any CPU
		{3AFAB6D9-7957-4E90-BD3E-7B6AC11919C8}.Ad-Hoc|iPhoneSimulator.ActiveCfg = Release|Any CPU
		{3AFAB6D9-7957-4E90-BD3E-7B6AC11919C8}.Ad-Hoc|iPhoneSimulator.Build.0 = Release|Any CPU
		{3AFAB6D9-7957-4E90-BD3E-7B6AC11919C8}.Ad-Hoc|iPhoneSimulator.Deploy.0 = Release|Any CPU
		{3AFAB6D9-7957-4E90-BD3E-7B6AC11919C8}.AppStore|Any CPU.ActiveCfg = Release|Any CPU
		{3AFAB6D9-7957-4E90-BD3E-7B6AC11919C8}.AppStore|Any CPU.Build.0 = Release|Any CPU
		{3AFAB6D9-7957-4E90-BD3E-7B6AC11919C8}.AppStore|Any CPU.Deploy.0 = Release|Any CPU
		{3AFAB6D9-7957-4E90-BD3E-7B6AC11919C8}.AppStore|iPhone.ActiveCfg = Release|Any CPU
		{3AFAB6D9-7957-4E90-BD3E-7B6AC11919C8}.AppStore|iPhone.Build.0 = Release|Any CPU
		{3AFAB6D9-7957-4E90-BD3E-7B6AC11919C8}.AppStore|iPhone.Deploy.0 = Release|Any CPU
		{3AFAB6D9-7957-4E90-BD3E-7B6AC11919C8}.AppStore|iPhoneSimulator.ActiveCfg = Release|Any CPU
		{3AFAB6D9-7957-4E90-BD3E-7B6AC11919C8}.AppStore|iPhoneSimulator.Build.0 = Release|Any CPU
		{3AFAB6D9-7957-4E90-BD3E-7B6AC11919C8}.AppStore|iPhoneSimulator.Deploy.0 = Release|Any CPU
		{3AFAB6D9-7957-4E90-BD3E-7B6AC11919C8}.Debug|Any CPU.ActiveCfg = Debug|Any CPU
		{3AFAB6D9-7957-4E90-BD3E-7B6AC11919C8}.Debug|Any CPU.Build.0 = Debug|Any CPU
		{3AFAB6D9-7957-4E90-BD3E-7B6AC11919C8}.Debug|Any CPU.Deploy.0 = Debug|Any CPU
		{3AFAB6D9-7957-4E90-BD3E-7B6AC11919C8}.Debug|iPhone.ActiveCfg = Debug|Any CPU
		{3AFAB6D9-7957-4E90-BD3E-7B6AC11919C8}.Debug|iPhone.Build.0 = Debug|Any CPU
		{3AFAB6D9-7957-4E90-BD3E-7B6AC11919C8}.Debug|iPhone.Deploy.0 = Debug|Any CPU
		{3AFAB6D9-7957-4E90-BD3E-7B6AC11919C8}.Debug|iPhoneSimulator.ActiveCfg = Debug|Any CPU
		{3AFAB6D9-7957-4E90-BD3E-7B6AC11919C8}.Debug|iPhoneSimulator.Build.0 = Debug|Any CPU
		{3AFAB6D9-7957-4E90-BD3E-7B6AC11919C8}.Debug|iPhoneSimulator.Deploy.0 = Debug|Any CPU
		{3AFAB6D9-7957-4E90-BD3E-7B6AC11919C8}.Release|Any CPU.ActiveCfg = Release|Any CPU
		{3AFAB6D9-7957-4E90-BD3E-7B6AC11919C8}.Release|Any CPU.Build.0 = Release|Any CPU
		{3AFAB6D9-7957-4E90-BD3E-7B6AC11919C8}.Release|Any CPU.Deploy.0 = Release|Any CPU
		{3AFAB6D9-7957-4E90-BD3E-7B6AC11919C8}.Release|iPhone.ActiveCfg = Release|Any CPU
		{3AFAB6D9-7957-4E90-BD3E-7B6AC11919C8}.Release|iPhone.Build.0 = Release|Any CPU
		{3AFAB6D9-7957-4E90-BD3E-7B6AC11919C8}.Release|iPhone.Deploy.0 = Release|Any CPU
		{3AFAB6D9-7957-4E90-BD3E-7B6AC11919C8}.Release|iPhoneSimulator.ActiveCfg = Release|Any CPU
		{3AFAB6D9-7957-4E90-BD3E-7B6AC11919C8}.Release|iPhoneSimulator.Build.0 = Release|Any CPU
		{3AFAB6D9-7957-4E90-BD3E-7B6AC11919C8}.Release|iPhoneSimulator.Deploy.0 = Release|Any CPU
	EndGlobalSection
	GlobalSection(SolutionProperties) = preSolution
		HideSolutionNode = FALSE
	EndGlobalSection
	GlobalSection(ExtensibilityGlobals) = postSolution
		SolutionGuid = {D69ABD91-1475-4FD6-8663-C471964C2E47}
	EndGlobalSection
EndGlobal
